
Microsoft Visual Studio Solution File, Format Version 12.00
# Visual Studio 2012
Project("{FAE04EC0-301F-11D3-BF4B-00C04F79EFBC}") = "Attendify", "Attendify\Attendify.csproj", "{6155F772-B66F-4C74-9975-4BE4976DF218}"
EndProject
Global
	GlobalSection(SolutionConfigurationPlatforms) = preSolution
		Debug|Any CPU = Debug|Any CPU
		Release|Any CPU = Release|Any CPU
	EndGlobalSection
	GlobalSection(ProjectConfigurationPlatforms) = postSolution
		{6155F772-B66F-4C74-9975-4BE4976DF218}.Debug|Any CPU.ActiveCfg = Debug|Any CPU
		{6155F772-B66F-4C74-9975-4BE4976DF218}.Debug|Any CPU.Build.0 = Debug|Any CPU
		{6155F772-B66F-4C74-9975-4BE4976DF218}.Release|Any CPU.ActiveCfg = Release|Any CPU
		{6155F772-B66F-4C74-9975-4BE4976DF218}.Release|Any CPU.Build.0 = Release|Any CPU
	EndGlobalSection
EndGlobal
